
Microsoft Visual Studio Solution File, Format Version 12.00
# Visual Studio 14
VisualStudioVersion = 14.0.24720.0
MinimumVisualStudioVersion = 10.0.40219.1
Project("{FAE04EC0-301F-11D3-BF4B-00C04F79EFBC}") = "OnlineLibrary.Web", "OnlineLibrary.Web\OnlineLibrary.Web.csproj", "{B8F76323-CF44-409E-B4E1-BCAA8FF45757}"
EndProject
Project("{FAE04EC0-301F-11D3-BF4B-00C04F79EFBC}") = "OnlineLibrary.DataAccess", "OnlineLibrary.DataAccess\OnlineLibrary.DataAccess.csproj", "{E2CDDCDE-8E6C-49BF-BC53-FB995D568D05}"
EndProject
Project("{FAE04EC0-301F-11D3-BF4B-00C04F79EFBC}") = "OnlineLibrary.Services", "OnlineLibrary.Services\OnlineLibrary.Services.csproj", "{7EC4ABF2-350E-4994-8F5B-21946B749F35}"
EndProject
Project("{FAE04EC0-301F-11D3-BF4B-00C04F79EFBC}") = "OnlineLibrary.Common", "OnlineLibrary.Common\OnlineLibrary.Common.csproj", "{09039153-55E6-47B8-8B2C-B498B817BF42}"
EndProject
Project("{2150E333-8FDC-42A3-9474-1A3956D46DE8}") = "UnitTests", "UnitTests", "{87FE6622-1CEB-48E6-9C59-6C257A25BA02}"
EndProject
Project("{FAE04EC0-301F-11D3-BF4B-00C04F79EFBC}") = "OnlineLibrary.EmailService", "OnlineLibrary.EmailService\OnlineLibrary.EmailService.csproj", "{25877A0D-269C-42E0-8295-29CC594E3E30}"
EndProject
Project("{2150E333-8FDC-42A3-9474-1A3956D46DE8}") = "Add-ons", "Add-ons", "{5C4178D6-8538-4CE8-8D22-DF7BD69129D6}"
EndProject
Project("{FAE04EC0-301F-11D3-BF4B-00C04F79EFBC}") = "OnlineLibrary.Services.UnitTests", "OnlineLibrary.Services.UnitTests\OnlineLibrary.Services.UnitTests.csproj", "{35782033-307B-4869-A4E1-E6824211B4FC}"
EndProject
Global
	GlobalSection(SolutionConfigurationPlatforms) = preSolution
		Debug|Any CPU = Debug|Any CPU
		Release|Any CPU = Release|Any CPU
	EndGlobalSection
	GlobalSection(ProjectConfigurationPlatforms) = postSolution
		{B8F76323-CF44-409E-B4E1-BCAA8FF45757}.Debug|Any CPU.ActiveCfg = Debug|Any CPU
		{B8F76323-CF44-409E-B4E1-BCAA8FF45757}.Debug|Any CPU.Build.0 = Debug|Any CPU
		{B8F76323-CF44-409E-B4E1-BCAA8FF45757}.Release|Any CPU.ActiveCfg = Release|Any CPU
		{B8F76323-CF44-409E-B4E1-BCAA8FF45757}.Release|Any CPU.Build.0 = Release|Any CPU
		{E2CDDCDE-8E6C-49BF-BC53-FB995D568D05}.Debug|Any CPU.ActiveCfg = Debug|Any CPU
		{E2CDDCDE-8E6C-49BF-BC53-FB995D568D05}.Debug|Any CPU.Build.0 = Debug|Any CPU
		{E2CDDCDE-8E6C-49BF-BC53-FB995D568D05}.Release|Any CPU.ActiveCfg = Release|Any CPU
		{E2CDDCDE-8E6C-49BF-BC53-FB995D568D05}.Release|Any CPU.Build.0 = Release|Any CPU
		{7EC4ABF2-350E-4994-8F5B-21946B749F35}.Debug|Any CPU.ActiveCfg = Debug|Any CPU
		{7EC4ABF2-350E-4994-8F5B-21946B749F35}.Debug|Any CPU.Build.0 = Debug|Any CPU
		{7EC4ABF2-350E-4994-8F5B-21946B749F35}.Release|Any CPU.ActiveCfg = Release|Any CPU
		{7EC4ABF2-350E-4994-8F5B-21946B749F35}.Release|Any CPU.Build.0 = Release|Any CPU
		{09039153-55E6-47B8-8B2C-B498B817BF42}.Debug|Any CPU.ActiveCfg = Debug|Any CPU
		{09039153-55E6-47B8-8B2C-B498B817BF42}.Debug|Any CPU.Build.0 = Debug|Any CPU
		{09039153-55E6-47B8-8B2C-B498B817BF42}.Release|Any CPU.ActiveCfg = Release|Any CPU
		{09039153-55E6-47B8-8B2C-B498B817BF42}.Release|Any CPU.Build.0 = Release|Any CPU
		{25877A0D-269C-42E0-8295-29CC594E3E30}.Debug|Any CPU.ActiveCfg = Debug|Any CPU
		{25877A0D-269C-42E0-8295-29CC594E3E30}.Debug|Any CPU.Build.0 = Debug|Any CPU
		{25877A0D-269C-42E0-8295-29CC594E3E30}.Release|Any CPU.ActiveCfg = Release|Any CPU
		{25877A0D-269C-42E0-8295-29CC594E3E30}.Release|Any CPU.Build.0 = Release|Any CPU
		{35782033-307B-4869-A4E1-E6824211B4FC}.Debug|Any CPU.ActiveCfg = Debug|Any CPU
		{35782033-307B-4869-A4E1-E6824211B4FC}.Debug|Any CPU.Build.0 = Debug|Any CPU
		{35782033-307B-4869-A4E1-E6824211B4FC}.Release|Any CPU.ActiveCfg = Release|Any CPU
		{35782033-307B-4869-A4E1-E6824211B4FC}.Release|Any CPU.Build.0 = Release|Any CPU
	EndGlobalSection
	GlobalSection(SolutionProperties) = preSolution
		HideSolutionNode = FALSE
	EndGlobalSection
	GlobalSection(NestedProjects) = preSolution
		{25877A0D-269C-42E0-8295-29CC594E3E30} = {5C4178D6-8538-4CE8-8D22-DF7BD69129D6}
		{35782033-307B-4869-A4E1-E6824211B4FC} = {87FE6622-1CEB-48E6-9C59-6C257A25BA02}
	EndGlobalSection
EndGlobal
